
Microsoft Visual Studio Solution File, Format Version 12.00
# Visual Studio Version 17
VisualStudioVersion = 17.4.33213.308
MinimumVisualStudioVersion = 10.0.40219.1
Project("{FAE04EC0-301F-11D3-BF4B-00C04F79EFBC}") = "ConsoleApp4", "ConsoleApp4\ConsoleApp4.csproj", "{F643E50E-5A78-480F-99DC-30889BD9A783}"
EndProject
Global
	GlobalSection(SolutionConfigurationPlatforms) = preSolution
		Debug|Any CPU = Debug|Any CPU
		Release|Any CPU = Release|Any CPU
	EndGlobalSection
	GlobalSection(ProjectConfigurationPlatforms) = postSolution
		{F643E50E-5A78-480F-99DC-30889BD9A783}.Debug|Any CPU.ActiveCfg = Debug|Any CPU
		{F643E50E-5A78-480F-99DC-30889BD9A783}.Debug|Any CPU.Build.0 = Debug|Any CPU
		{F643E50E-5A78-480F-99DC-30889BD9A783}.Release|Any CPU.ActiveCfg = Release|Any CPU
		{F643E50E-5A78-480F-99DC-30889BD9A783}.Release|Any CPU.Build.0 = Release|Any CPU
	EndGlobalSection
	GlobalSection(SolutionProperties) = preSolution
		HideSolutionNode = FALSE
	EndGlobalSection
	GlobalSection(ExtensibilityGlobals) = postSolution
		SolutionGuid = {BE885137-9AAE-46ED-A263-BE5FA66D62C5}
	EndGlobalSection
EndGlobal
